{
  "version": 4,
  "terraform_version": "0.13.0",
  "serial": 22,
  "lineage": "d59893b2-db74-cbbf-43e3-276d75403ac3",
  "outputs": {},
  "resources": [
    {
      "mode": "data",
      "type": "aws_secretsmanager_secret",
      "name": "secretmasterDB",
      "provider": "provider[\"registry.terraform.io/hashicorp/aws\"]",
      "instances": [
        {
          "schema_version": 0,
          "attributes": {
            "arn": "arn:aws:secretsmanager:us-east-2:295134731113:secret:Masteraccountdb-g8EMeu",
            "description": "",
            "id": "arn:aws:secretsmanager:us-east-2:295134731113:secret:Masteraccountdb-g8EMeu",
            "kms_key_id": "",
            "name": "Masteraccountdb",
            "policy": "",
            "tags": {}
          }
        }
      ]
    },
    {
      "mode": "data",
      "type": "aws_secretsmanager_secret_version",
      "name": "creds",
      "provider": "provider[\"registry.terraform.io/hashicorp/aws\"]",
      "instances": [
        {
          "schema_version": 0,
          "attributes": {
            "arn": "arn:aws:secretsmanager:us-east-2:295134731113:secret:Masteraccountdb-g8EMeu",
            "id": "arn:aws:secretsmanager:us-east-2:295134731113:secret:Masteraccountdb-g8EMeu|AWSCURRENT",
            "secret_binary": "",
            "secret_id": "arn:aws:secretsmanager:us-east-2:295134731113:secret:Masteraccountdb-g8EMeu",
            "secret_string": "   {\n    \"username\": \"adminaccount\",\n    \"password\": \"R9t0IH5hyFWZkkt9\"\n   }\n",
            "version_id": "D2E40706-B5EC-464A-B3B4-FCA1DA7780D6",
            "version_stage": "AWSCURRENT",
            "version_stages": [
              "AWSCURRENT"
            ]
          }
        }
      ]
    },
    {
      "mode": "managed",
      "type": "aws_rds_cluster_instance",
      "name": "main",
      "provider": "provider[\"registry.terraform.io/hashicorp/aws\"]",
      "instances": []
    },
    {
      "mode": "managed",
      "type": "aws_secretsmanager_secret",
      "name": "secretmasterDB",
      "provider": "provider[\"registry.terraform.io/hashicorp/aws\"]",
      "instances": [
        {
          "schema_version": 0,
          "attributes": {
            "arn": "arn:aws:secretsmanager:us-east-2:295134731113:secret:Masteraccountdb-g8EMeu",
            "description": "",
            "force_overwrite_replica_secret": false,
            "id": "arn:aws:secretsmanager:us-east-2:295134731113:secret:Masteraccountdb-g8EMeu",
            "kms_key_id": "",
            "name": "Masteraccountdb",
            "name_prefix": "",
            "policy": "",
            "recovery_window_in_days": 30,
            "replica": [],
            "tags": {},
            "tags_all": {}
          },
          "private": "bnVsbA=="
        }
      ]
    },
    {
      "mode": "managed",
      "type": "aws_secretsmanager_secret_version",
      "name": "sversion",
      "provider": "provider[\"registry.terraform.io/hashicorp/aws\"]",
      "instances": [
        {
          "schema_version": 0,
          "attributes": {
            "arn": "arn:aws:secretsmanager:us-east-2:295134731113:secret:Masteraccountdb-g8EMeu",
            "id": "arn:aws:secretsmanager:us-east-2:295134731113:secret:Masteraccountdb-g8EMeu|D2E40706-B5EC-464A-B3B4-FCA1DA7780D6",
            "secret_binary": "",
            "secret_id": "arn:aws:secretsmanager:us-east-2:295134731113:secret:Masteraccountdb-g8EMeu",
            "secret_string": "   {\n    \"username\": \"adminaccount\",\n    \"password\": \"R9t0IH5hyFWZkkt9\"\n   }\n",
            "version_id": "D2E40706-B5EC-464A-B3B4-FCA1DA7780D6",
            "version_stages": [
              "AWSCURRENT"
            ]
          },
          "private": "bnVsbA==",
          "dependencies": [
            "aws_secretsmanager_secret.secretmasterDB",
            "random_password.password"
          ]
        }
      ]
    },
    {
      "mode": "managed",
      "type": "random_password",
      "name": "password",
      "provider": "provider[\"registry.terraform.io/hashicorp/random\"]",
      "instances": [
        {
          "schema_version": 3,
          "attributes": {
            "bcrypt_hash": "$2a$10$Y16ezeLoV/nH57U/Xjm0IuYo8acU8JaXiaoRxUqruh1Gw1.GffxXG",
            "id": "none",
            "keepers": null,
            "length": 16,
            "lower": true,
            "min_lower": 0,
            "min_numeric": 0,
            "min_special": 0,
            "min_upper": 0,
            "number": true,
            "numeric": true,
            "override_special": "_%@",
            "result": "R9t0IH5hyFWZkkt9",
            "special": true,
            "upper": true
          }
        }
      ]
    }
  ]
}
